
Microsoft Visual Studio Solution File, Format Version 12.00
# Visual Studio 15
VisualStudioVersion = 15.0.26730.16
MinimumVisualStudioVersion = 10.0.40219.1
Project("{FAE04EC0-301F-11D3-BF4B-00C04F79EFBC}") = "A MO Task", "A MO Task\A MO Task.csproj", "{903EDC5B-28B3-4AF5-856F-765835FE7BCF}"
EndProject
Global
	GlobalSection(SolutionConfigurationPlatforms) = preSolution
		Debug|Any CPU = Debug|Any CPU
		Release|Any CPU = Release|Any CPU
	EndGlobalSection
	GlobalSection(ProjectConfigurationPlatforms) = postSolution
		{903EDC5B-28B3-4AF5-856F-765835FE7BCF}.Debug|Any CPU.ActiveCfg = Debug|Any CPU
		{903EDC5B-28B3-4AF5-856F-765835FE7BCF}.Debug|Any CPU.Build.0 = Debug|Any CPU
		{903EDC5B-28B3-4AF5-856F-765835FE7BCF}.Release|Any CPU.ActiveCfg = Release|Any CPU
		{903EDC5B-28B3-4AF5-856F-765835FE7BCF}.Release|Any CPU.Build.0 = Release|Any CPU
	EndGlobalSection
	GlobalSection(SolutionProperties) = preSolution
		HideSolutionNode = FALSE
	EndGlobalSection
	GlobalSection(ExtensibilityGlobals) = postSolution
		SolutionGuid = {9900BA2B-5DE4-42CE-9675-EC2393B445BE}
	EndGlobalSection
EndGlobal
