
Microsoft Visual Studio Solution File, Format Version 12.00
# Visual Studio 15
VisualStudioVersion = 15.0.26730.16
MinimumVisualStudioVersion = 10.0.40219.1
Project("{FAE04EC0-301F-11D3-BF4B-00C04F79EFBC}") = "interface task", "interface task\interface task.csproj", "{AE7F03F2-1EF2-4B4E-AD73-0AC8BAA0BD92}"
EndProject
Global
	GlobalSection(SolutionConfigurationPlatforms) = preSolution
		Debug|Any CPU = Debug|Any CPU
		Release|Any CPU = Release|Any CPU
	EndGlobalSection
	GlobalSection(ProjectConfigurationPlatforms) = postSolution
		{AE7F03F2-1EF2-4B4E-AD73-0AC8BAA0BD92}.Debug|Any CPU.ActiveCfg = Debug|Any CPU
		{AE7F03F2-1EF2-4B4E-AD73-0AC8BAA0BD92}.Debug|Any CPU.Build.0 = Debug|Any CPU
		{AE7F03F2-1EF2-4B4E-AD73-0AC8BAA0BD92}.Release|Any CPU.ActiveCfg = Release|Any CPU
		{AE7F03F2-1EF2-4B4E-AD73-0AC8BAA0BD92}.Release|Any CPU.Build.0 = Release|Any CPU
	EndGlobalSection
	GlobalSection(SolutionProperties) = preSolution
		HideSolutionNode = FALSE
	EndGlobalSection
	GlobalSection(ExtensibilityGlobals) = postSolution
		SolutionGuid = {C748995E-469B-4D3F-9624-659DEE12E4DE}
	EndGlobalSection
EndGlobal
