
Microsoft Visual Studio Solution File, Format Version 12.00
# Visual Studio 15
VisualStudioVersion = 15.0.26730.16
MinimumVisualStudioVersion = 10.0.40219.1
Project("{FAE04EC0-301F-11D3-BF4B-00C04F79EFBC}") = "lambda exp", "lambda exp\lambda exp.csproj", "{167662E9-8122-4C2F-B5FB-7AE4F45E16AD}"
EndProject
Global
	GlobalSection(SolutionConfigurationPlatforms) = preSolution
		Debug|Any CPU = Debug|Any CPU
		Release|Any CPU = Release|Any CPU
	EndGlobalSection
	GlobalSection(ProjectConfigurationPlatforms) = postSolution
		{167662E9-8122-4C2F-B5FB-7AE4F45E16AD}.Debug|Any CPU.ActiveCfg = Debug|Any CPU
		{167662E9-8122-4C2F-B5FB-7AE4F45E16AD}.Debug|Any CPU.Build.0 = Debug|Any CPU
		{167662E9-8122-4C2F-B5FB-7AE4F45E16AD}.Release|Any CPU.ActiveCfg = Release|Any CPU
		{167662E9-8122-4C2F-B5FB-7AE4F45E16AD}.Release|Any CPU.Build.0 = Release|Any CPU
	EndGlobalSection
	GlobalSection(SolutionProperties) = preSolution
		HideSolutionNode = FALSE
	EndGlobalSection
	GlobalSection(ExtensibilityGlobals) = postSolution
		SolutionGuid = {367A7765-4CB2-4E5F-8F28-A4BE8E8313A6}
	EndGlobalSection
EndGlobal
